
Microsoft Visual Studio Solution File, Format Version 12.00
# Visual Studio Version 16
VisualStudioVersion = 25.0.1706.10
MinimumVisualStudioVersion = 10.0.40219.1
Project("{FAE04EC0-301F-11D3-BF4B-00C04F79EFBC}") = "Application", "Application\Application.csproj", "{A1646A9E-F562-4D95-B2DF-385EE695017A}"
EndProject
Global
	GlobalSection(SolutionConfigurationPlatforms) = preSolution
		Debug|Any CPU = Debug|Any CPU
		Release|Any CPU = Release|Any CPU
	EndGlobalSection
	GlobalSection(ProjectConfigurationPlatforms) = postSolution
		{A1646A9E-F562-4D95-B2DF-385EE695017A}.Debug|Any CPU.ActiveCfg = Debug|Any CPU
		{A1646A9E-F562-4D95-B2DF-385EE695017A}.Debug|Any CPU.Build.0 = Debug|Any CPU
		{A1646A9E-F562-4D95-B2DF-385EE695017A}.Release|Any CPU.ActiveCfg = Release|Any CPU
		{A1646A9E-F562-4D95-B2DF-385EE695017A}.Release|Any CPU.Build.0 = Release|Any CPU
	EndGlobalSection
	GlobalSection(SolutionProperties) = preSolution
		HideSolutionNode = FALSE
	EndGlobalSection
	GlobalSection(ExtensibilityGlobals) = postSolution
		SolutionGuid = {11D461DF-41BF-41C2-9460-B9CC425B8574}
	EndGlobalSection
EndGlobal
